
Microsoft Visual Studio Solution File, Format Version 12.00
# Visual Studio 15
VisualStudioVersion = 15.0.27428.2015
MinimumVisualStudioVersion = 10.0.40219.1
Project("{FAE04EC0-301F-11D3-BF4B-00C04F79EFBC}") = "MiniPaint", "MiniPaint\MiniPaint.csproj", "{17F32B01-E42D-4DF9-B27E-2992CC02BA4A}"
EndProject
Global
	GlobalSection(SolutionConfigurationPlatforms) = preSolution
		Debug|Any CPU = Debug|Any CPU
		Release|Any CPU = Release|Any CPU
	EndGlobalSection
	GlobalSection(ProjectConfigurationPlatforms) = postSolution
		{17F32B01-E42D-4DF9-B27E-2992CC02BA4A}.Debug|Any CPU.ActiveCfg = Debug|Any CPU
		{17F32B01-E42D-4DF9-B27E-2992CC02BA4A}.Debug|Any CPU.Build.0 = Debug|Any CPU
		{17F32B01-E42D-4DF9-B27E-2992CC02BA4A}.Release|Any CPU.ActiveCfg = Release|Any CPU
		{17F32B01-E42D-4DF9-B27E-2992CC02BA4A}.Release|Any CPU.Build.0 = Release|Any CPU
	EndGlobalSection
	GlobalSection(SolutionProperties) = preSolution
		HideSolutionNode = FALSE
	EndGlobalSection
	GlobalSection(ExtensibilityGlobals) = postSolution
		SolutionGuid = {CF152E94-253C-4E1D-A797-EF68D2536413}
	EndGlobalSection
EndGlobal
